
Microsoft Visual Studio Solution File, Format Version 12.00
# Visual Studio 15
VisualStudioVersion = 15.0.28010.2048
MinimumVisualStudioVersion = 10.0.40219.1
Project("{FAE04EC0-301F-11D3-BF4B-00C04F79EFBC}") = "WinSock", "WinSock\WinSock.csproj", "{464E0A3B-BCC2-4570-8C78-3A3612EBA746}"
EndProject
Global
	GlobalSection(SolutionConfigurationPlatforms) = preSolution
		Debug|Any CPU = Debug|Any CPU
		Release|Any CPU = Release|Any CPU
	EndGlobalSection
	GlobalSection(ProjectConfigurationPlatforms) = postSolution
		{464E0A3B-BCC2-4570-8C78-3A3612EBA746}.Debug|Any CPU.ActiveCfg = Debug|Any CPU
		{464E0A3B-BCC2-4570-8C78-3A3612EBA746}.Debug|Any CPU.Build.0 = Debug|Any CPU
		{464E0A3B-BCC2-4570-8C78-3A3612EBA746}.Release|Any CPU.ActiveCfg = Release|Any CPU
		{464E0A3B-BCC2-4570-8C78-3A3612EBA746}.Release|Any CPU.Build.0 = Release|Any CPU
	EndGlobalSection
	GlobalSection(SolutionProperties) = preSolution
		HideSolutionNode = FALSE
	EndGlobalSection
	GlobalSection(ExtensibilityGlobals) = postSolution
		SolutionGuid = {4F574B16-E9B2-4031-A503-9DFC8FBD3681}
	EndGlobalSection
EndGlobal
